github.com/BurntSushi/rure-go v0.0.0-20231211185014-8a0f52724b91 h1:GSI0gOUCu6IeLIOJiZKHrCs0zEENj+25hkudwuGUB/Q=
github.com/BurntSushi/rure-go v0.0.0-20231211185014-8a0f52724b91/go.mod h1:UyZ+K/YviirPnAr27NCwqBck0eUipQr68JZSemOXQ1k=
github.com/Gilah-EnE/dec24-go/test_suite v0.0.0-20250624211256-0d9c169ad0e8 h1:Q4rkdc89aIksHTfKtGenacNCcSTFGFi1yBVg0PS0kDc=
github.com/Gilah-EnE/dec24-go/test_suite v0.0.0-20250624211256-0d9c169ad0e8/go.mod h1:bgQfXhnWlrMbJZ6QrxApd6wTZ8dqMgKHkgfKYkbzJHQ=
github.com/Gilah-EnE/dec24-go/test_suite v0.0.0-20250625085046-290f8efe0003 h1:Yytwq7uGy+6FGu0WAa4ljXxxnmllYXkc79WpVBSxJGs=
github.com/Gilah-EnE/dec24-go/test_suite v0.0.0-20250625085046-290f8efe0003/go.mod h1:bgQfXhnWlrMbJZ6QrxApd6wTZ8dqMgKHkgfKYkbzJHQ=
github.com/Gilah-EnE/dec24-go/test_suite v0.0.0-20250625100945-2ba63ae6c1db h1:4hDbC41n7UwfY+JvNx4gZ6f5M7vBogPl+J3NKLPTn9M=
github.com/Gilah-EnE/dec24-go/test_suite v0.0.0-20250625100945-2ba63ae6c1db/go.mod h1:bgQfXhnWlrMbJZ6QrxApd6wTZ8dqMgKHkgfKYkbzJHQ=
github.com/batchatco/go-native-netcdf v0.0.0-20241223233620-bc05e8aea526 h1:2XDdv64ofq7LQOjR2WJsYRGoqjIxdBlaQlpYz1RyLHw=
github.com/batchatco/go-native-netcdf v0.0.0-20241223233620-bc05e8aea526/go.mod h1:Ef2SkyHcs+sO0gq1uTx2nsfxbq6qmPs19EeZwqheYks=
github.com/batchatco/go-thrower v0.0.0-20200827035905-5cb7337f6be6 h1:gDf4IUqKDnH7F0XdgeYOBx2jlMKF/j9Xm42sISXpwqY=
github.com/batchatco/go-thrower v0.0.0-20200827035905-5cb7337f6be6/go.mod h1:hJ9Ll7FOzcIr57sd7RHga7StcCVAL0vFBUsNpnGntNg=
github.com/batchatco/go-thrower v0.0.0-20200930073501-164a3668367a h1:78pqhP9qMYDkZMzvELGT8E3KG/Z2fX6kuzqXi+0sS4s=
github.com/batchatco/go-thrower v0.0.0-20200930073501-164a3668367a/go.mod h1:5IEVO1o1osUsRlNTgRw+BpAByPfZuyydCfmvAeVLhjE=
github.com/davecgh/go-spew v1.1.0/go.mod h1:J7Y8YcW2NihsgmVo/mv3lAwl/skON4iLHjSsI+c5H38=
github.com/davecgh/go-spew v1.1.1 h1:vj9j/u1bqnvCEfJOwUhtlOARqs3+rkHYY13jYWTU97c=
github.com/davecgh/go-spew v1.1.1/go.mod h1:J7Y8YcW2NihsgmVo/mv3lAwl/skON4iLHjSsI+c5H38=
github.com/mappu/miqt v0.11.0 h1:zn0m52wt0PrI4QDlwc9VXfDduJdG0RVdJpdfOWM1vI8=
github.com/mappu/miqt v0.11.0/go.mod h1:xFg7ADaO1QSkmXPsPODoKe/bydJpRG9fgCYyIDl/h1U=
github.com/montanaflynn/stats v0.7.1 h1:etflOAAHORrCC44V+aR6Ftzort912ZU+YLiSTuV8eaE=
github.com/montanaflynn/stats v0.7.1/go.mod h1:etXPPgVO6n31NxCd9KQUMvCM+ve0ruNzt6R8Bnaayow=
github.com/pmezard/go-difflib v1.0.0 h1:4DBwDE0NGyQoBHbLQYPwSUPoCMWR5BEzIk/f1lZbAQM=
github.com/pmezard/go-difflib v1.0.0/go.mod h1:iKH77koFhYxTK1pcRnkKkqfTogsbg7gZNVY4sRDYZ/4=
github.com/stretchr/objx v0.1.0/go.mod h1:HFkY916IF+rwdDfMAkV7OtwuqBVzrE8GR6GFx+wExME=
github.com/stretchr/testify v1.4.0/go.mod h1:j7eGeouHqKxXV5pUuKE4zz7dFj8WfuZ+81PSLYec5m4=
github.com/stretchr/testify v1.7.1 h1:5TQK59W5E3v0r2duFAb7P95B6hEeOyEnHRa8MjYSMTY=
github.com/stretchr/testify v1.7.1/go.mod h1:6Fq8oRcR53rry900zMqJjRRixrwX3KX962/h/Wwjteg=
github.com/vimeo/go-magic v1.0.0 h1:1GGtwzLJwSd7i24Ie7LSNLF0T/w1NiZn5iELjgWcAy4=
github.com/vimeo/go-magic v1.0.0/go.mod h1:xvu4I7AcaioNKakZMURKiJPAlHCTFwIr+qQhOOQQfBk=
gopkg.in/check.v1 v0.0.0-20161208181325-20d25e280405/go.mod h1:Co6ibVJAznAaIkqp8huTwlJQCZ016jof/cbN4VW5Yz0=
gopkg.in/yaml.v2 v2.2.2/go.mod h1:hI93XBmqTisBFMUTm0b8Fm+jr3Dg1NNxqwp+5A1VGuI=
gopkg.in/yaml.v3 v3.0.0-20200313102051-9f266ea9e77c h1:dUUwHk2QECo/6vqA44rthZ8ie2QXMNeKRTHCNY2nXvo=
gopkg.in/yaml.v3 v3.0.0-20200313102051-9f266ea9e77c/go.mod h1:K4uyk7z7BCEPqu6E+C64Yfv1cQ7kz7rIZviUmN+EgEM=
